
Microsoft Visual Studio Solution File, Format Version 12.00
# Visual Studio Version 17
VisualStudioVersion = 17.0.31903.59
MinimumVisualStudioVersion = 10.0.40219.1
Project("{2150E333-8FDC-42A3-9474-1A3956D46DE8}") = "src", "src", "{827E0CD3-B72D-47B6-A68D-7590B98EB39B}"
EndProject
Project("{FAE04EC0-301F-11D3-BF4B-00C04F79EFBC}") = "CRM.Domain", "src\CRM.Domain\CRM.Domain.csproj", "{8C495003-B069-4ABD-9EA2-78AC2ABB2E44}"
EndProject
Project("{FAE04EC0-301F-11D3-BF4B-00C04F79EFBC}") = "CRM.Application", "src\CRM.Application\CRM.Application.csproj", "{67E60657-0CDB-4CF7-B7B0-786D62C0EDA0}"
EndProject
Project("{FAE04EC0-301F-11D3-BF4B-00C04F79EFBC}") = "CRM.Infrastructure", "src\CRM.Infrastructure\CRM.Infrastructure.csproj", "{DEE95185-3EF9-4C09-948D-C61AE2BD7880}"
EndProject
Project("{FAE04EC0-301F-11D3-BF4B-00C04F79EFBC}") = "CRM.Api", "src\CRM.Api\CRM.Api.csproj", "{000BC84F-F530-40E7-AE67-7E7D5AAECB7F}"
EndProject
Project("{2150E333-8FDC-42A3-9474-1A3956D46DE8}") = "tests", "tests", "{0AB3BF05-4346-4AA6-1389-037BE0695223}"
EndProject
Project("{FAE04EC0-301F-11D3-BF4B-00C04F79EFBC}") = "CRM.Domain.Tests", "tests\CRM.Domain.Tests\CRM.Domain.Tests.csproj", "{E295F861-E051-4779-9D8F-D099CCC749ED}"
EndProject
Project("{FAE04EC0-301F-11D3-BF4B-00C04F79EFBC}") = "CRM.Application.Tests", "tests\CRM.Application.Tests\CRM.Application.Tests.csproj", "{54444B82-85F0-4250-B0AD-8E0862B5CD2A}"
EndProject
Project("{FAE04EC0-301F-11D3-BF4B-00C04F79EFBC}") = "CRM.Api.IntegrationTests", "tests\CRM.Api.IntegrationTests\CRM.Api.IntegrationTests.csproj", "{31EBCE90-F2C7-40C0-94EE-64079E8AFE80}"
EndProject
Global
	GlobalSection(SolutionConfigurationPlatforms) = preSolution
		Debug|Any CPU = Debug|Any CPU
		Debug|x64 = Debug|x64
		Debug|x86 = Debug|x86
		Release|Any CPU = Release|Any CPU
		Release|x64 = Release|x64
		Release|x86 = Release|x86
	EndGlobalSection
	GlobalSection(ProjectConfigurationPlatforms) = postSolution
		{8C495003-B069-4ABD-9EA2-78AC2ABB2E44}.Debug|Any CPU.ActiveCfg = Debug|Any CPU
		{8C495003-B069-4ABD-9EA2-78AC2ABB2E44}.Debug|Any CPU.Build.0 = Debug|Any CPU
		{8C495003-B069-4ABD-9EA2-78AC2ABB2E44}.Debug|x64.ActiveCfg = Debug|Any CPU
		{8C495003-B069-4ABD-9EA2-78AC2ABB2E44}.Debug|x64.Build.0 = Debug|Any CPU
		{8C495003-B069-4ABD-9EA2-78AC2ABB2E44}.Debug|x86.ActiveCfg = Debug|Any CPU
		{8C495003-B069-4ABD-9EA2-78AC2ABB2E44}.Debug|x86.Build.0 = Debug|Any CPU
		{8C495003-B069-4ABD-9EA2-78AC2ABB2E44}.Release|Any CPU.ActiveCfg = Release|Any CPU
		{8C495003-B069-4ABD-9EA2-78AC2ABB2E44}.Release|Any CPU.Build.0 = Release|Any CPU
		{8C495003-B069-4ABD-9EA2-78AC2ABB2E44}.Release|x64.ActiveCfg = Release|Any CPU
		{8C495003-B069-4ABD-9EA2-78AC2ABB2E44}.Release|x64.Build.0 = Release|Any CPU
		{8C495003-B069-4ABD-9EA2-78AC2ABB2E44}.Release|x86.ActiveCfg = Release|Any CPU
		{8C495003-B069-4ABD-9EA2-78AC2ABB2E44}.Release|x86.Build.0 = Release|Any CPU
		{67E60657-0CDB-4CF7-B7B0-786D62C0EDA0}.Debug|Any CPU.ActiveCfg = Debug|Any CPU
		{67E60657-0CDB-4CF7-B7B0-786D62C0EDA0}.Debug|Any CPU.Build.0 = Debug|Any CPU
		{67E60657-0CDB-4CF7-B7B0-786D62C0EDA0}.Debug|x64.ActiveCfg = Debug|Any CPU
		{67E60657-0CDB-4CF7-B7B0-786D62C0EDA0}.Debug|x64.Build.0 = Debug|Any CPU
		{67E60657-0CDB-4CF7-B7B0-786D62C0EDA0}.Debug|x86.ActiveCfg = Debug|Any CPU
		{67E60657-0CDB-4CF7-B7B0-786D62C0EDA0}.Debug|x86.Build.0 = Debug|Any CPU
		{67E60657-0CDB-4CF7-B7B0-786D62C0EDA0}.Release|Any CPU.ActiveCfg = Release|Any CPU
		{67E60657-0CDB-4CF7-B7B0-786D62C0EDA0}.Release|Any CPU.Build.0 = Release|Any CPU
		{67E60657-0CDB-4CF7-B7B0-786D62C0EDA0}.Release|x64.ActiveCfg = Release|Any CPU
		{67E60657-0CDB-4CF7-B7B0-786D62C0EDA0}.Release|x64.Build.0 = Release|Any CPU
		{67E60657-0CDB-4CF7-B7B0-786D62C0EDA0}.Release|x86.ActiveCfg = Release|Any CPU
		{67E60657-0CDB-4CF7-B7B0-786D62C0EDA0}.Release|x86.Build.0 = Release|Any CPU
		{DEE95185-3EF9-4C09-948D-C61AE2BD7880}.Debug|Any CPU.ActiveCfg = Debug|Any CPU
		{DEE95185-3EF9-4C09-948D-C61AE2BD7880}.Debug|Any CPU.Build.0 = Debug|Any CPU
		{DEE95185-3EF9-4C09-948D-C61AE2BD7880}.Debug|x64.ActiveCfg = Debug|Any CPU
		{DEE95185-3EF9-4C09-948D-C61AE2BD7880}.Debug|x64.Build.0 = Debug|Any CPU
		{DEE95185-3EF9-4C09-948D-C61AE2BD7880}.Debug|x86.ActiveCfg = Debug|Any CPU
		{DEE95185-3EF9-4C09-948D-C61AE2BD7880}.Debug|x86.Build.0 = Debug|Any CPU
		{DEE95185-3EF9-4C09-948D-C61AE2BD7880}.Release|Any CPU.ActiveCfg = Release|Any CPU
		{DEE95185-3EF9-4C09-948D-C61AE2BD7880}.Release|Any CPU.Build.0 = Release|Any CPU
		{DEE95185-3EF9-4C09-948D-C61AE2BD7880}.Release|x64.ActiveCfg = Release|Any CPU
		{DEE95185-3EF9-4C09-948D-C61AE2BD7880}.Release|x64.Build.0 = Release|Any CPU
		{DEE95185-3EF9-4C09-948D-C61AE2BD7880}.Release|x86.ActiveCfg = Release|Any CPU
		{DEE95185-3EF9-4C09-948D-C61AE2BD7880}.Release|x86.Build.0 = Release|Any CPU
		{000BC84F-F530-40E7-AE67-7E7D5AAECB7F}.Debug|Any CPU.ActiveCfg = Debug|Any CPU
		{000BC84F-F530-40E7-AE67-7E7D5AAECB7F}.Debug|Any CPU.Build.0 = Debug|Any CPU
		{000BC84F-F530-40E7-AE67-7E7D5AAECB7F}.Debug|x64.ActiveCfg = Debug|Any CPU
		{000BC84F-F530-40E7-AE67-7E7D5AAECB7F}.Debug|x64.Build.0 = Debug|Any CPU
		{000BC84F-F530-40E7-AE67-7E7D5AAECB7F}.Debug|x86.ActiveCfg = Debug|Any CPU
		{000BC84F-F530-40E7-AE67-7E7D5AAECB7F}.Debug|x86.Build.0 = Debug|Any CPU
		{000BC84F-F530-40E7-AE67-7E7D5AAECB7F}.Release|Any CPU.ActiveCfg = Release|Any CPU
		{000BC84F-F530-40E7-AE67-7E7D5AAECB7F}.Release|Any CPU.Build.0 = Release|Any CPU
		{000BC84F-F530-40E7-AE67-7E7D5AAECB7F}.Release|x64.ActiveCfg = Release|Any CPU
		{000BC84F-F530-40E7-AE67-7E7D5AAECB7F}.Release|x64.Build.0 = Release|Any CPU
		{000BC84F-F530-40E7-AE67-7E7D5AAECB7F}.Release|x86.ActiveCfg = Release|Any CPU
		{000BC84F-F530-40E7-AE67-7E7D5AAECB7F}.Release|x86.Build.0 = Release|Any CPU
		{E295F861-E051-4779-9D8F-D099CCC749ED}.Debug|Any CPU.ActiveCfg = Debug|Any CPU
		{E295F861-E051-4779-9D8F-D099CCC749ED}.Debug|Any CPU.Build.0 = Debug|Any CPU
		{E295F861-E051-4779-9D8F-D099CCC749ED}.Debug|x64.ActiveCfg = Debug|Any CPU
		{E295F861-E051-4779-9D8F-D099CCC749ED}.Debug|x64.Build.0 = Debug|Any CPU
		{E295F861-E051-4779-9D8F-D099CCC749ED}.Debug|x86.ActiveCfg = Debug|Any CPU
		{E295F861-E051-4779-9D8F-D099CCC749ED}.Debug|x86.Build.0 = Debug|Any CPU
		{E295F861-E051-4779-9D8F-D099CCC749ED}.Release|Any CPU.ActiveCfg = Release|Any CPU
		{E295F861-E051-4779-9D8F-D099CCC749ED}.Release|Any CPU.Build.0 = Release|Any CPU
		{E295F861-E051-4779-9D8F-D099CCC749ED}.Release|x64.ActiveCfg = Release|Any CPU
		{E295F861-E051-4779-9D8F-D099CCC749ED}.Release|x64.Build.0 = Release|Any CPU
		{E295F861-E051-4779-9D8F-D099CCC749ED}.Release|x86.ActiveCfg = Release|Any CPU
		{E295F861-E051-4779-9D8F-D099CCC749ED}.Release|x86.Build.0 = Release|Any CPU
		{54444B82-85F0-4250-B0AD-8E0862B5CD2A}.Debug|Any CPU.ActiveCfg = Debug|Any CPU
		{54444B82-85F0-4250-B0AD-8E0862B5CD2A}.Debug|Any CPU.Build.0 = Debug|Any CPU
		{54444B82-85F0-4250-B0AD-8E0862B5CD2A}.Debug|x64.ActiveCfg = Debug|Any CPU
		{54444B82-85F0-4250-B0AD-8E0862B5CD2A}.Debug|x64.Build.0 = Debug|Any CPU
		{54444B82-85F0-4250-B0AD-8E0862B5CD2A}.Debug|x86.ActiveCfg = Debug|Any CPU
		{54444B82-85F0-4250-B0AD-8E0862B5CD2A}.Debug|x86.Build.0 = Debug|Any CPU
		{54444B82-85F0-4250-B0AD-8E0862B5CD2A}.Release|Any CPU.ActiveCfg = Release|Any CPU
		{54444B82-85F0-4250-B0AD-8E0862B5CD2A}.Release|Any CPU.Build.0 = Release|Any CPU
		{54444B82-85F0-4250-B0AD-8E0862B5CD2A}.Release|x64.ActiveCfg = Release|Any CPU
		{54444B82-85F0-4250-B0AD-8E0862B5CD2A}.Release|x64.Build.0 = Release|Any CPU
		{54444B82-85F0-4250-B0AD-8E0862B5CD2A}.Release|x86.ActiveCfg = Release|Any CPU
		{54444B82-85F0-4250-B0AD-8E0862B5CD2A}.Release|x86.Build.0 = Release|Any CPU
		{31EBCE90-F2C7-40C0-94EE-64079E8AFE80}.Debug|Any CPU.ActiveCfg = Debug|Any CPU
		{31EBCE90-F2C7-40C0-94EE-64079E8AFE80}.Debug|Any CPU.Build.0 = Debug|Any CPU
		{31EBCE90-F2C7-40C0-94EE-64079E8AFE80}.Debug|x64.ActiveCfg = Debug|Any CPU
		{31EBCE90-F2C7-40C0-94EE-64079E8AFE80}.Debug|x64.Build.0 = Debug|Any CPU
		{31EBCE90-F2C7-40C0-94EE-64079E8AFE80}.Debug|x86.ActiveCfg = Debug|Any CPU
		{31EBCE90-F2C7-40C0-94EE-64079E8AFE80}.Debug|x86.Build.0 = Debug|Any CPU
		{31EBCE90-F2C7-40C0-94EE-64079E8AFE80}.Release|Any CPU.ActiveCfg = Release|Any CPU
		{31EBCE90-F2C7-40C0-94EE-64079E8AFE80}.Release|Any CPU.Build.0 = Release|Any CPU
		{31EBCE90-F2C7-40C0-94EE-64079E8AFE80}.Release|x64.ActiveCfg = Release|Any CPU
		{31EBCE90-F2C7-40C0-94EE-64079E8AFE80}.Release|x64.Build.0 = Release|Any CPU
		{31EBCE90-F2C7-40C0-94EE-64079E8AFE80}.Release|x86.ActiveCfg = Release|Any CPU
		{31EBCE90-F2C7-40C0-94EE-64079E8AFE80}.Release|x86.Build.0 = Release|Any CPU
	EndGlobalSection
	GlobalSection(SolutionProperties) = preSolution
		HideSolutionNode = FALSE
	EndGlobalSection
	GlobalSection(NestedProjects) = preSolution
		{8C495003-B069-4ABD-9EA2-78AC2ABB2E44} = {827E0CD3-B72D-47B6-A68D-7590B98EB39B}
		{67E60657-0CDB-4CF7-B7B0-786D62C0EDA0} = {827E0CD3-B72D-47B6-A68D-7590B98EB39B}
		{DEE95185-3EF9-4C09-948D-C61AE2BD7880} = {827E0CD3-B72D-47B6-A68D-7590B98EB39B}
		{000BC84F-F530-40E7-AE67-7E7D5AAECB7F} = {827E0CD3-B72D-47B6-A68D-7590B98EB39B}
		{E295F861-E051-4779-9D8F-D099CCC749ED} = {0AB3BF05-4346-4AA6-1389-037BE0695223}
		{54444B82-85F0-4250-B0AD-8E0862B5CD2A} = {0AB3BF05-4346-4AA6-1389-037BE0695223}
		{31EBCE90-F2C7-40C0-94EE-64079E8AFE80} = {0AB3BF05-4346-4AA6-1389-037BE0695223}
	EndGlobalSection
EndGlobal
